
Microsoft Visual Studio Solution File, Format Version 12.00
# Visual Studio Version 17
VisualStudioVersion = 17.13.35828.75
MinimumVisualStudioVersion = 10.0.40219.1
Project("{FAE04EC0-301F-11D3-BF4B-00C04F79EFBC}") = "Server", "Server\Server.csproj", "{10B3AC29-DC35-4853-A7F6-88A0CA606446}"
EndProject
Project("{FAE04EC0-301F-11D3-BF4B-00C04F79EFBC}") = "Client", "Client\Client.csproj", "{B1FCA822-75E2-409C-A523-4BDDAE5ABA0C}"
EndProject
Project("{FAE04EC0-301F-11D3-BF4B-00C04F79EFBC}") = "Server 02_ht", "Server 02_ht\Server 02_ht.csproj", "{649183AF-0F4B-431F-BB65-421FB83124AB}"
EndProject
Project("{FAE04EC0-301F-11D3-BF4B-00C04F79EFBC}") = "Client 02_ht", "Client 02_ht\Client 02_ht.csproj", "{6A8519D2-98B7-422F-B9A1-1B6C3DEABFF9}"
EndProject
Project("{FAE04EC0-301F-11D3-BF4B-00C04F79EFBC}") = "03_ht_Server", "03_ht_Server\03_ht_Server.csproj", "{6C8716F3-EC2B-4B91-8F8C-F1EBE2C4264E}"
EndProject
Project("{FAE04EC0-301F-11D3-BF4B-00C04F79EFBC}") = "03_ht_Client", "03_ht_Client\03_ht_Client.csproj", "{3E5620E5-A579-4A6E-8C88-DC1815BFEF6F}"
EndProject
Project("{FAE04EC0-301F-11D3-BF4B-00C04F79EFBC}") = "04_ht_Client", "04_ht_Client\04_ht_Client.csproj", "{ED1BF094-26CE-435C-B204-0CFF5232DB41}"
EndProject
Project("{FAE04EC0-301F-11D3-BF4B-00C04F79EFBC}") = "04_ht_Server", "04_ht_Server\04_ht_Server.csproj", "{1375FC7B-96E9-49EC-AAD9-D2A9FA6BCF03}"
EndProject
Project("{FAE04EC0-301F-11D3-BF4B-00C04F79EFBC}") = "05_ht_smtp", "05_ht_smtp\05_ht_smtp.csproj", "{4CA36D06-E129-46AD-A513-CF5E5DF2CAFE}"
EndProject
Project("{FAE04EC0-301F-11D3-BF4B-00C04F79EFBC}") = "07_Imap", "07_Imap\07_Imap.csproj", "{258A5298-A7E9-4351-910B-4B4D73E542F7}"
EndProject
Project("{FAE04EC0-301F-11D3-BF4B-00C04F79EFBC}") = "07_IMAP_task", "07_IMAP_task\07_IMAP_task.csproj", "{6772812E-4028-4A1B-8C84-9334A04415FB}"
EndProject
Project("{FAE04EC0-301F-11D3-BF4B-00C04F79EFBC}") = "08_HTTP_Client", "08_HTTP_Client\08_HTTP_Client.csproj", "{5D7D3D71-C2EE-4A8D-A3B1-D044DC4B5495}"
EndProject
Project("{FAE04EC0-301F-11D3-BF4B-00C04F79EFBC}") = "08_HTTP_task", "08_HTTP_task\08_HTTP_task.csproj", "{4E3554A6-3D48-4EF5-AFE7-DD54795DBE73}"
EndProject
Global
	GlobalSection(SolutionConfigurationPlatforms) = preSolution
		Debug|Any CPU = Debug|Any CPU
		Release|Any CPU = Release|Any CPU
	EndGlobalSection
	GlobalSection(ProjectConfigurationPlatforms) = postSolution
		{10B3AC29-DC35-4853-A7F6-88A0CA606446}.Debug|Any CPU.ActiveCfg = Debug|Any CPU
		{10B3AC29-DC35-4853-A7F6-88A0CA606446}.Debug|Any CPU.Build.0 = Debug|Any CPU
		{10B3AC29-DC35-4853-A7F6-88A0CA606446}.Release|Any CPU.ActiveCfg = Release|Any CPU
		{10B3AC29-DC35-4853-A7F6-88A0CA606446}.Release|Any CPU.Build.0 = Release|Any CPU
		{B1FCA822-75E2-409C-A523-4BDDAE5ABA0C}.Debug|Any CPU.ActiveCfg = Debug|Any CPU
		{B1FCA822-75E2-409C-A523-4BDDAE5ABA0C}.Debug|Any CPU.Build.0 = Debug|Any CPU
		{B1FCA822-75E2-409C-A523-4BDDAE5ABA0C}.Release|Any CPU.ActiveCfg = Release|Any CPU
		{B1FCA822-75E2-409C-A523-4BDDAE5ABA0C}.Release|Any CPU.Build.0 = Release|Any CPU
		{649183AF-0F4B-431F-BB65-421FB83124AB}.Debug|Any CPU.ActiveCfg = Debug|Any CPU
		{649183AF-0F4B-431F-BB65-421FB83124AB}.Debug|Any CPU.Build.0 = Debug|Any CPU
		{649183AF-0F4B-431F-BB65-421FB83124AB}.Release|Any CPU.ActiveCfg = Release|Any CPU
		{649183AF-0F4B-431F-BB65-421FB83124AB}.Release|Any CPU.Build.0 = Release|Any CPU
		{6A8519D2-98B7-422F-B9A1-1B6C3DEABFF9}.Debug|Any CPU.ActiveCfg = Debug|Any CPU
		{6A8519D2-98B7-422F-B9A1-1B6C3DEABFF9}.Debug|Any CPU.Build.0 = Debug|Any CPU
		{6A8519D2-98B7-422F-B9A1-1B6C3DEABFF9}.Release|Any CPU.ActiveCfg = Release|Any CPU
		{6A8519D2-98B7-422F-B9A1-1B6C3DEABFF9}.Release|Any CPU.Build.0 = Release|Any CPU
		{6C8716F3-EC2B-4B91-8F8C-F1EBE2C4264E}.Debug|Any CPU.ActiveCfg = Debug|Any CPU
		{6C8716F3-EC2B-4B91-8F8C-F1EBE2C4264E}.Debug|Any CPU.Build.0 = Debug|Any CPU
		{6C8716F3-EC2B-4B91-8F8C-F1EBE2C4264E}.Release|Any CPU.ActiveCfg = Release|Any CPU
		{6C8716F3-EC2B-4B91-8F8C-F1EBE2C4264E}.Release|Any CPU.Build.0 = Release|Any CPU
		{3E5620E5-A579-4A6E-8C88-DC1815BFEF6F}.Debug|Any CPU.ActiveCfg = Debug|Any CPU
		{3E5620E5-A579-4A6E-8C88-DC1815BFEF6F}.Debug|Any CPU.Build.0 = Debug|Any CPU
		{3E5620E5-A579-4A6E-8C88-DC1815BFEF6F}.Release|Any CPU.ActiveCfg = Release|Any CPU
		{3E5620E5-A579-4A6E-8C88-DC1815BFEF6F}.Release|Any CPU.Build.0 = Release|Any CPU
		{ED1BF094-26CE-435C-B204-0CFF5232DB41}.Debug|Any CPU.ActiveCfg = Debug|Any CPU
		{ED1BF094-26CE-435C-B204-0CFF5232DB41}.Debug|Any CPU.Build.0 = Debug|Any CPU
		{ED1BF094-26CE-435C-B204-0CFF5232DB41}.Release|Any CPU.ActiveCfg = Release|Any CPU
		{ED1BF094-26CE-435C-B204-0CFF5232DB41}.Release|Any CPU.Build.0 = Release|Any CPU
		{1375FC7B-96E9-49EC-AAD9-D2A9FA6BCF03}.Debug|Any CPU.ActiveCfg = Debug|Any CPU
		{1375FC7B-96E9-49EC-AAD9-D2A9FA6BCF03}.Debug|Any CPU.Build.0 = Debug|Any CPU
		{1375FC7B-96E9-49EC-AAD9-D2A9FA6BCF03}.Release|Any CPU.ActiveCfg = Release|Any CPU
		{1375FC7B-96E9-49EC-AAD9-D2A9FA6BCF03}.Release|Any CPU.Build.0 = Release|Any CPU
		{4CA36D06-E129-46AD-A513-CF5E5DF2CAFE}.Debug|Any CPU.ActiveCfg = Debug|Any CPU
		{4CA36D06-E129-46AD-A513-CF5E5DF2CAFE}.Debug|Any CPU.Build.0 = Debug|Any CPU
		{4CA36D06-E129-46AD-A513-CF5E5DF2CAFE}.Release|Any CPU.ActiveCfg = Release|Any CPU
		{4CA36D06-E129-46AD-A513-CF5E5DF2CAFE}.Release|Any CPU.Build.0 = Release|Any CPU
		{258A5298-A7E9-4351-910B-4B4D73E542F7}.Debug|Any CPU.ActiveCfg = Debug|Any CPU
		{258A5298-A7E9-4351-910B-4B4D73E542F7}.Debug|Any CPU.Build.0 = Debug|Any CPU
		{258A5298-A7E9-4351-910B-4B4D73E542F7}.Release|Any CPU.ActiveCfg = Release|Any CPU
		{258A5298-A7E9-4351-910B-4B4D73E542F7}.Release|Any CPU.Build.0 = Release|Any CPU
		{6772812E-4028-4A1B-8C84-9334A04415FB}.Debug|Any CPU.ActiveCfg = Debug|Any CPU
		{6772812E-4028-4A1B-8C84-9334A04415FB}.Debug|Any CPU.Build.0 = Debug|Any CPU
		{6772812E-4028-4A1B-8C84-9334A04415FB}.Release|Any CPU.ActiveCfg = Release|Any CPU
		{6772812E-4028-4A1B-8C84-9334A04415FB}.Release|Any CPU.Build.0 = Release|Any CPU
		{5D7D3D71-C2EE-4A8D-A3B1-D044DC4B5495}.Debug|Any CPU.ActiveCfg = Debug|Any CPU
		{5D7D3D71-C2EE-4A8D-A3B1-D044DC4B5495}.Debug|Any CPU.Build.0 = Debug|Any CPU
		{5D7D3D71-C2EE-4A8D-A3B1-D044DC4B5495}.Release|Any CPU.ActiveCfg = Release|Any CPU
		{5D7D3D71-C2EE-4A8D-A3B1-D044DC4B5495}.Release|Any CPU.Build.0 = Release|Any CPU
		{4E3554A6-3D48-4EF5-AFE7-DD54795DBE73}.Debug|Any CPU.ActiveCfg = Debug|Any CPU
		{4E3554A6-3D48-4EF5-AFE7-DD54795DBE73}.Debug|Any CPU.Build.0 = Debug|Any CPU
		{4E3554A6-3D48-4EF5-AFE7-DD54795DBE73}.Release|Any CPU.ActiveCfg = Release|Any CPU
		{4E3554A6-3D48-4EF5-AFE7-DD54795DBE73}.Release|Any CPU.Build.0 = Release|Any CPU
	EndGlobalSection
	GlobalSection(SolutionProperties) = preSolution
		HideSolutionNode = FALSE
	EndGlobalSection
	GlobalSection(ExtensibilityGlobals) = postSolution
		SolutionGuid = {38BF3A9E-1171-4385-A29B-3F2C52F1E17D}
	EndGlobalSection
EndGlobal
