
Microsoft Visual Studio Solution File, Format Version 12.00
# Visual Studio Version 17
VisualStudioVersion = 17.13.35828.75
MinimumVisualStudioVersion = 10.0.40219.1
Project("{FAE04EC0-301F-11D3-BF4B-00C04F79EFBC}") = "Server", "Server\Server.csproj", "{10B3AC29-DC35-4853-A7F6-88A0CA606446}"
EndProject
Project("{FAE04EC0-301F-11D3-BF4B-00C04F79EFBC}") = "Client", "Client\Client.csproj", "{B1FCA822-75E2-409C-A523-4BDDAE5ABA0C}"
EndProject
Project("{FAE04EC0-301F-11D3-BF4B-00C04F79EFBC}") = "Server 02_ht", "Server 02_ht\Server 02_ht.csproj", "{649183AF-0F4B-431F-BB65-421FB83124AB}"
EndProject
Project("{FAE04EC0-301F-11D3-BF4B-00C04F79EFBC}") = "Client 02_ht", "Client 02_ht\Client 02_ht.csproj", "{6A8519D2-98B7-422F-B9A1-1B6C3DEABFF9}"
EndProject
Global
	GlobalSection(SolutionConfigurationPlatforms) = preSolution
		Debug|Any CPU = Debug|Any CPU
		Release|Any CPU = Release|Any CPU
	EndGlobalSection
	GlobalSection(ProjectConfigurationPlatforms) = postSolution
		{10B3AC29-DC35-4853-A7F6-88A0CA606446}.Debug|Any CPU.ActiveCfg = Debug|Any CPU
		{10B3AC29-DC35-4853-A7F6-88A0CA606446}.Debug|Any CPU.Build.0 = Debug|Any CPU
		{10B3AC29-DC35-4853-A7F6-88A0CA606446}.Release|Any CPU.ActiveCfg = Release|Any CPU
		{10B3AC29-DC35-4853-A7F6-88A0CA606446}.Release|Any CPU.Build.0 = Release|Any CPU
		{B1FCA822-75E2-409C-A523-4BDDAE5ABA0C}.Debug|Any CPU.ActiveCfg = Debug|Any CPU
		{B1FCA822-75E2-409C-A523-4BDDAE5ABA0C}.Debug|Any CPU.Build.0 = Debug|Any CPU
		{B1FCA822-75E2-409C-A523-4BDDAE5ABA0C}.Release|Any CPU.ActiveCfg = Release|Any CPU
		{B1FCA822-75E2-409C-A523-4BDDAE5ABA0C}.Release|Any CPU.Build.0 = Release|Any CPU
		{649183AF-0F4B-431F-BB65-421FB83124AB}.Debug|Any CPU.ActiveCfg = Debug|Any CPU
		{649183AF-0F4B-431F-BB65-421FB83124AB}.Debug|Any CPU.Build.0 = Debug|Any CPU
		{649183AF-0F4B-431F-BB65-421FB83124AB}.Release|Any CPU.ActiveCfg = Release|Any CPU
		{649183AF-0F4B-431F-BB65-421FB83124AB}.Release|Any CPU.Build.0 = Release|Any CPU
		{6A8519D2-98B7-422F-B9A1-1B6C3DEABFF9}.Debug|Any CPU.ActiveCfg = Debug|Any CPU
		{6A8519D2-98B7-422F-B9A1-1B6C3DEABFF9}.Debug|Any CPU.Build.0 = Debug|Any CPU
		{6A8519D2-98B7-422F-B9A1-1B6C3DEABFF9}.Release|Any CPU.ActiveCfg = Release|Any CPU
		{6A8519D2-98B7-422F-B9A1-1B6C3DEABFF9}.Release|Any CPU.Build.0 = Release|Any CPU
	EndGlobalSection
	GlobalSection(SolutionProperties) = preSolution
		HideSolutionNode = FALSE
	EndGlobalSection
	GlobalSection(ExtensibilityGlobals) = postSolution
		SolutionGuid = {38BF3A9E-1171-4385-A29B-3F2C52F1E17D}
	EndGlobalSection
EndGlobal
